
Microsoft Visual Studio Solution File, Format Version 12.00
# Visual Studio Version 16
VisualStudioVersion = 16.0.31019.35
MinimumVisualStudioVersion = 10.0.40219.1
Project("{FAE04EC0-301F-11D3-BF4B-00C04F79EFBC}") = "WSVenta", "WSVenta\WSVenta.csproj", "{300499CD-AA80-4F80-88C0-5B10A530A693}"
EndProject
Global
	GlobalSection(SolutionConfigurationPlatforms) = preSolution
		Debug|Any CPU = Debug|Any CPU
		Release|Any CPU = Release|Any CPU
	EndGlobalSection
	GlobalSection(ProjectConfigurationPlatforms) = postSolution
		{300499CD-AA80-4F80-88C0-5B10A530A693}.Debug|Any CPU.ActiveCfg = Debug|Any CPU
		{300499CD-AA80-4F80-88C0-5B10A530A693}.Debug|Any CPU.Build.0 = Debug|Any CPU
		{300499CD-AA80-4F80-88C0-5B10A530A693}.Release|Any CPU.ActiveCfg = Release|Any CPU
		{300499CD-AA80-4F80-88C0-5B10A530A693}.Release|Any CPU.Build.0 = Release|Any CPU
	EndGlobalSection
	GlobalSection(SolutionProperties) = preSolution
		HideSolutionNode = FALSE
	EndGlobalSection
	GlobalSection(ExtensibilityGlobals) = postSolution
		SolutionGuid = {19866409-7A95-4483-8D36-98E0B25BABC2}
	EndGlobalSection
EndGlobal
